// !$*UTF8*$!
{
	archiveVersion = 1;
	classes = {
	};
	objectVersion = 46;
	objects = {

/* Begin PBXBuildFile section */
		5ED58CC4B5BBB8E17F844188 /* Pods_Headlines.framework in Frameworks */ = {isa = PBXBuildFile; fileRef = 39306B169848B442FA46BDCC /* Pods_Headlines.framework */; };
		AFC312811EC1E45A00105E93 /* AppDelegate.swift in Sources */ = {isa = PBXBuildFile; fileRef = AFC312801EC1E45A00105E93 /* AppDelegate.swift */; };
		AFC312831EC1E45A00105E93 /* ArticleViewController.swift in Sources */ = {isa = PBXBuildFile; fileRef = AFC312821EC1E45A00105E93 /* ArticleViewController.swift */; };
		AFC312881EC1E45A00105E93 /* Assets.xcassets in Resources */ = {isa = PBXBuildFile; fileRef = AFC312871EC1E45A00105E93 /* Assets.xcassets */; };
		AFC3128B1EC1E45A00105E93 /* LaunchScreen.storyboard in Resources */ = {isa = PBXBuildFile; fileRef = AFC312891EC1E45A00105E93 /* LaunchScreen.storyboard */; };
		AFC312951EC1E4B300105E93 /* FavouritesViewController.xib in Resources */ = {isa = PBXBuildFile; fileRef = AFC312941EC1E4B300105E93 /* FavouritesViewController.xib */; };
		AFC312971EC1E80800105E93 /* Article.swift in Sources */ = {isa = PBXBuildFile; fileRef = AFC312961EC1E80800105E93 /* Article.swift */; };
		AFC312991EC1FE4A00105E93 /* FavouritesViewController.swift in Sources */ = {isa = PBXBuildFile; fileRef = AFC312981EC1FE4A00105E93 /* FavouritesViewController.swift */; };
		C26778C122C25F0D00DD7707 /* Coordinator.swift in Sources */ = {isa = PBXBuildFile; fileRef = C26778C022C25F0D00DD7707 /* Coordinator.swift */; };
		C26778C322C2706800DD7707 /* AppCoordinator.swift in Sources */ = {isa = PBXBuildFile; fileRef = C26778C222C2706800DD7707 /* AppCoordinator.swift */; };
		C26778C522C2960800DD7707 /* ArticleListCoordinator.swift in Sources */ = {isa = PBXBuildFile; fileRef = C26778C422C2960800DD7707 /* ArticleListCoordinator.swift */; };
		C26778C922C2B29B00DD7707 /* RemoteDataManager.swift in Sources */ = {isa = PBXBuildFile; fileRef = C26778C822C2B29B00DD7707 /* RemoteDataManager.swift */; };
		C26778CB22C3A40100DD7707 /* LocalDataManager.swift in Sources */ = {isa = PBXBuildFile; fileRef = C26778CA22C3A40100DD7707 /* LocalDataManager.swift */; };
		C26778CD22C3AAA100DD7707 /* ArticleListDataProvider.swift in Sources */ = {isa = PBXBuildFile; fileRef = C26778CC22C3AAA100DD7707 /* ArticleListDataProvider.swift */; };
		C26778CF22C3AE1100DD7707 /* ArticleListService.swift in Sources */ = {isa = PBXBuildFile; fileRef = C26778CE22C3AE1100DD7707 /* ArticleListService.swift */; };
		C26778D222C3D68400DD7707 /* ArticleListViewModel.swift in Sources */ = {isa = PBXBuildFile; fileRef = C26778D122C3D68400DD7707 /* ArticleListViewModel.swift */; };
		C26778D422C3DFCD00DD7707 /* ArticleViewModel.swift in Sources */ = {isa = PBXBuildFile; fileRef = C26778D322C3DFCD00DD7707 /* ArticleViewModel.swift */; };
		C26BE73A22C55C90005FD893 /* String+SanitizeHTML.swift in Sources */ = {isa = PBXBuildFile; fileRef = C26BE73922C55C90005FD893 /* String+SanitizeHTML.swift */; };
		C26BE73C22C5D851005FD893 /* ArticleListResponse.swift in Sources */ = {isa = PBXBuildFile; fileRef = C26BE73B22C5D851005FD893 /* ArticleListResponse.swift */; };
		C26BE73F22C71662005FD893 /* ArticleViewController.xib in Resources */ = {isa = PBXBuildFile; fileRef = C26BE73E22C71662005FD893 /* ArticleViewController.xib */; };
		C26BE74A22C7236E005FD893 /* ArticleCollectionViewCell.swift in Sources */ = {isa = PBXBuildFile; fileRef = C26BE74822C7236E005FD893 /* ArticleCollectionViewCell.swift */; };
		C26BE74B22C7236E005FD893 /* ArticleCollectionViewCell.xib in Resources */ = {isa = PBXBuildFile; fileRef = C26BE74922C7236E005FD893 /* ArticleCollectionViewCell.xib */; };
		C26BE75222C73ABC005FD893 /* ArticleElementHeadlineImageCell.swift in Sources */ = {isa = PBXBuildFile; fileRef = C26BE75022C73ABC005FD893 /* ArticleElementHeadlineImageCell.swift */; };
		C26BE75322C73ABC005FD893 /* ArticleElementHeadlineImageCell.xib in Resources */ = {isa = PBXBuildFile; fileRef = C26BE75122C73ABC005FD893 /* ArticleElementHeadlineImageCell.xib */; };
		C26BE75822C73B07005FD893 /* ArticleElementTextCell.swift in Sources */ = {isa = PBXBuildFile; fileRef = C26BE75622C73B07005FD893 /* ArticleElementTextCell.swift */; };
		C26BE75922C73B07005FD893 /* ArticleElementTextCell.xib in Resources */ = {isa = PBXBuildFile; fileRef = C26BE75722C73B07005FD893 /* ArticleElementTextCell.xib */; };
		C26BE75B22C7490D005FD893 /* ArticleElementViewModels.swift in Sources */ = {isa = PBXBuildFile; fileRef = C26BE75A22C7490D005FD893 /* ArticleElementViewModels.swift */; };
		C26BE75D22C75A7E005FD893 /* NibLoadable.swift in Sources */ = {isa = PBXBuildFile; fileRef = C26BE75C22C75A7E005FD893 /* NibLoadable.swift */; };
		C26BE75F22C76169005FD893 /* ArticleElementsDataSource.swift in Sources */ = {isa = PBXBuildFile; fileRef = C26BE75E22C76169005FD893 /* ArticleElementsDataSource.swift */; };
		C26BE76422C77542005FD893 /* TableViewConfigurable.swift in Sources */ = {isa = PBXBuildFile; fileRef = C26BE76322C77541005FD893 /* TableViewConfigurable.swift */; };
		C26BE76622C7809C005FD893 /* TableViewHeightConfigurable.swift in Sources */ = {isa = PBXBuildFile; fileRef = C26BE76522C7809C005FD893 /* TableViewHeightConfigurable.swift */; };
		C26BE76822C793C9005FD893 /* AutoHeightTableView.swift in Sources */ = {isa = PBXBuildFile; fileRef = C26BE76722C793C9005FD893 /* AutoHeightTableView.swift */; };
		C26E492022C7CF0700597048 /* ArticleFooterView.swift in Sources */ = {isa = PBXBuildFile; fileRef = C26E491F22C7CF0700597048 /* ArticleFooterView.swift */; };
		C26E492222C7CF1100597048 /* ArticleFooterView.xib in Resources */ = {isa = PBXBuildFile; fileRef = C26E492122C7CF1100597048 /* ArticleFooterView.xib */; };
		C2A8146B22C9967900A1296F /* HeadlinesTests.swift in Sources */ = {isa = PBXBuildFile; fileRef = C2A8146A22C9967900A1296F /* HeadlinesTests.swift */; };
		C2A8147322C996B700A1296F /* ArticleListViewModelTests.swift in Sources */ = {isa = PBXBuildFile; fileRef = C2A8147222C996B700A1296F /* ArticleListViewModelTests.swift */; };
		C2F5DD0822C895F2007EB7CC /* FavouriteListCoordinator.swift in Sources */ = {isa = PBXBuildFile; fileRef = C2F5DD0722C895F2007EB7CC /* FavouriteListCoordinator.swift */; };
		C2F5DD0A22C8AA85007EB7CC /* FavouriteArticleListViewModel.swift in Sources */ = {isa = PBXBuildFile; fileRef = C2F5DD0922C8AA85007EB7CC /* FavouriteArticleListViewModel.swift */; };
		C2F5DD0C22C8AF64007EB7CC /* FavouriteArticleViewModel.swift in Sources */ = {isa = PBXBuildFile; fileRef = C2F5DD0B22C8AF64007EB7CC /* FavouriteArticleViewModel.swift */; };
		C2F5DD0F22C8B175007EB7CC /* FavouriteArticleListDataProvider.swift in Sources */ = {isa = PBXBuildFile; fileRef = C2F5DD0E22C8B175007EB7CC /* FavouriteArticleListDataProvider.swift */; };
		C2F5DD1422C9013F007EB7CC /* FavouriteArticleTableViewCell.swift in Sources */ = {isa = PBXBuildFile; fileRef = C2F5DD1222C9013F007EB7CC /* FavouriteArticleTableViewCell.swift */; };
		C2F5DD1522C9013F007EB7CC /* FavouriteArticleTableViewCell.xib in Resources */ = {isa = PBXBuildFile; fileRef = C2F5DD1322C9013F007EB7CC /* FavouriteArticleTableViewCell.xib */; };
		C2F5DD1722C904BB007EB7CC /* Superclarendon-Regular.ttf in Resources */ = {isa = PBXBuildFile; fileRef = C2F5DD1122C8DA66007EB7CC /* Superclarendon-Regular.ttf */; };
/* End PBXBuildFile section */

/* Begin PBXContainerItemProxy section */
		C2A8146D22C9967900A1296F /* PBXContainerItemProxy */ = {
			isa = PBXContainerItemProxy;
			containerPortal = AFC312751EC1E45A00105E93 /* Project object */;
			proxyType = 1;
			remoteGlobalIDString = AFC3127C1EC1E45A00105E93;
			remoteInfo = Headlines;
		};
/* End PBXContainerItemProxy section */

/* Begin PBXFileReference section */
		2FB6886169B3B43868C27878 /* Pods-Headlines.debug.xcconfig */ = {isa = PBXFileReference; includeInIndex = 1; lastKnownFileType = text.xcconfig; name = "Pods-Headlines.debug.xcconfig"; path = "Pods/Target Support Files/Pods-Headlines/Pods-Headlines.debug.xcconfig"; sourceTree = "<group>"; };
		39306B169848B442FA46BDCC /* Pods_Headlines.framework */ = {isa = PBXFileReference; explicitFileType = wrapper.framework; includeInIndex = 0; path = Pods_Headlines.framework; sourceTree = BUILT_PRODUCTS_DIR; };
		8303E77AE42BFCDD9874989D /* Pods-Headlines.release.xcconfig */ = {isa = PBXFileReference; includeInIndex = 1; lastKnownFileType = text.xcconfig; name = "Pods-Headlines.release.xcconfig"; path = "Pods/Target Support Files/Pods-Headlines/Pods-Headlines.release.xcconfig"; sourceTree = "<group>"; };
		AFC3127D1EC1E45A00105E93 /* Headlines.app */ = {isa = PBXFileReference; explicitFileType = wrapper.application; includeInIndex = 0; path = Headlines.app; sourceTree = BUILT_PRODUCTS_DIR; };
		AFC312801EC1E45A00105E93 /* AppDelegate.swift */ = {isa = PBXFileReference; lastKnownFileType = sourcecode.swift; path = AppDelegate.swift; sourceTree = "<group>"; };
		AFC312821EC1E45A00105E93 /* ArticleViewController.swift */ = {isa = PBXFileReference; lastKnownFileType = sourcecode.swift; path = ArticleViewController.swift; sourceTree = "<group>"; };
		AFC312871EC1E45A00105E93 /* Assets.xcassets */ = {isa = PBXFileReference; lastKnownFileType = folder.assetcatalog; path = Assets.xcassets; sourceTree = "<group>"; };
		AFC3128A1EC1E45A00105E93 /* Base */ = {isa = PBXFileReference; lastKnownFileType = file.storyboard; name = Base; path = Base.lproj/LaunchScreen.storyboard; sourceTree = "<group>"; };
		AFC3128C1EC1E45A00105E93 /* Info.plist */ = {isa = PBXFileReference; lastKnownFileType = text.plist.xml; path = Info.plist; sourceTree = "<group>"; };
		AFC312941EC1E4B300105E93 /* FavouritesViewController.xib */ = {isa = PBXFileReference; fileEncoding = 4; lastKnownFileType = file.xib; path = FavouritesViewController.xib; sourceTree = "<group>"; };
		AFC312961EC1E80800105E93 /* Article.swift */ = {isa = PBXFileReference; fileEncoding = 4; lastKnownFileType = sourcecode.swift; path = Article.swift; sourceTree = "<group>"; };
		AFC312981EC1FE4A00105E93 /* FavouritesViewController.swift */ = {isa = PBXFileReference; fileEncoding = 4; lastKnownFileType = sourcecode.swift; path = FavouritesViewController.swift; sourceTree = "<group>"; };
		C26778C022C25F0D00DD7707 /* Coordinator.swift */ = {isa = PBXFileReference; lastKnownFileType = sourcecode.swift; path = Coordinator.swift; sourceTree = "<group>"; };
		C26778C222C2706800DD7707 /* AppCoordinator.swift */ = {isa = PBXFileReference; lastKnownFileType = sourcecode.swift; path = AppCoordinator.swift; sourceTree = "<group>"; };
		C26778C422C2960800DD7707 /* ArticleListCoordinator.swift */ = {isa = PBXFileReference; lastKnownFileType = sourcecode.swift; path = ArticleListCoordinator.swift; sourceTree = "<group>"; };
		C26778C822C2B29B00DD7707 /* RemoteDataManager.swift */ = {isa = PBXFileReference; lastKnownFileType = sourcecode.swift; path = RemoteDataManager.swift; sourceTree = "<group>"; };
		C26778CA22C3A40100DD7707 /* LocalDataManager.swift */ = {isa = PBXFileReference; lastKnownFileType = sourcecode.swift; path = LocalDataManager.swift; sourceTree = "<group>"; };
		C26778CC22C3AAA100DD7707 /* ArticleListDataProvider.swift */ = {isa = PBXFileReference; lastKnownFileType = sourcecode.swift; path = ArticleListDataProvider.swift; sourceTree = "<group>"; };
		C26778CE22C3AE1100DD7707 /* ArticleListService.swift */ = {isa = PBXFileReference; lastKnownFileType = sourcecode.swift; path = ArticleListService.swift; sourceTree = "<group>"; };
		C26778D122C3D68400DD7707 /* ArticleListViewModel.swift */ = {isa = PBXFileReference; lastKnownFileType = sourcecode.swift; path = ArticleListViewModel.swift; sourceTree = "<group>"; };
		C26778D322C3DFCD00DD7707 /* ArticleViewModel.swift */ = {isa = PBXFileReference; lastKnownFileType = sourcecode.swift; path = ArticleViewModel.swift; sourceTree = "<group>"; };
		C26BE73922C55C90005FD893 /* String+SanitizeHTML.swift */ = {isa = PBXFileReference; lastKnownFileType = sourcecode.swift; path = "String+SanitizeHTML.swift"; sourceTree = "<group>"; };
		C26BE73B22C5D851005FD893 /* ArticleListResponse.swift */ = {isa = PBXFileReference; lastKnownFileType = sourcecode.swift; path = ArticleListResponse.swift; sourceTree = "<group>"; };
		C26BE73E22C71662005FD893 /* ArticleViewController.xib */ = {isa = PBXFileReference; fileEncoding = 4; lastKnownFileType = file.xib; path = ArticleViewController.xib; sourceTree = "<group>"; };
		C26BE74822C7236E005FD893 /* ArticleCollectionViewCell.swift */ = {isa = PBXFileReference; lastKnownFileType = sourcecode.swift; path = ArticleCollectionViewCell.swift; sourceTree = "<group>"; };
		C26BE74922C7236E005FD893 /* ArticleCollectionViewCell.xib */ = {isa = PBXFileReference; lastKnownFileType = file.xib; path = ArticleCollectionViewCell.xib; sourceTree = "<group>"; };
		C26BE75022C73ABC005FD893 /* ArticleElementHeadlineImageCell.swift */ = {isa = PBXFileReference; lastKnownFileType = sourcecode.swift; path = ArticleElementHeadlineImageCell.swift; sourceTree = "<group>"; };
		C26BE75122C73ABC005FD893 /* ArticleElementHeadlineImageCell.xib */ = {isa = PBXFileReference; lastKnownFileType = file.xib; path = ArticleElementHeadlineImageCell.xib; sourceTree = "<group>"; };
		C26BE75622C73B07005FD893 /* ArticleElementTextCell.swift */ = {isa = PBXFileReference; lastKnownFileType = sourcecode.swift; path = ArticleElementTextCell.swift; sourceTree = "<group>"; };
		C26BE75722C73B07005FD893 /* ArticleElementTextCell.xib */ = {isa = PBXFileReference; lastKnownFileType = file.xib; path = ArticleElementTextCell.xib; sourceTree = "<group>"; };
		C26BE75A22C7490D005FD893 /* ArticleElementViewModels.swift */ = {isa = PBXFileReference; lastKnownFileType = sourcecode.swift; path = ArticleElementViewModels.swift; sourceTree = "<group>"; };
		C26BE75C22C75A7E005FD893 /* NibLoadable.swift */ = {isa = PBXFileReference; lastKnownFileType = sourcecode.swift; path = NibLoadable.swift; sourceTree = "<group>"; };
		C26BE75E22C76169005FD893 /* ArticleElementsDataSource.swift */ = {isa = PBXFileReference; lastKnownFileType = sourcecode.swift; path = ArticleElementsDataSource.swift; sourceTree = "<group>"; };
		C26BE76322C77541005FD893 /* TableViewConfigurable.swift */ = {isa = PBXFileReference; fileEncoding = 4; lastKnownFileType = sourcecode.swift; path = TableViewConfigurable.swift; sourceTree = "<group>"; };
		C26BE76522C7809C005FD893 /* TableViewHeightConfigurable.swift */ = {isa = PBXFileReference; lastKnownFileType = sourcecode.swift; path = TableViewHeightConfigurable.swift; sourceTree = "<group>"; };
		C26BE76722C793C9005FD893 /* AutoHeightTableView.swift */ = {isa = PBXFileReference; lastKnownFileType = sourcecode.swift; path = AutoHeightTableView.swift; sourceTree = "<group>"; };
		C26E491F22C7CF0700597048 /* ArticleFooterView.swift */ = {isa = PBXFileReference; lastKnownFileType = sourcecode.swift; path = ArticleFooterView.swift; sourceTree = "<group>"; };
		C26E492122C7CF1100597048 /* ArticleFooterView.xib */ = {isa = PBXFileReference; lastKnownFileType = file.xib; path = ArticleFooterView.xib; sourceTree = "<group>"; };
		C2A8146822C9967900A1296F /* HeadlinesTests.xctest */ = {isa = PBXFileReference; explicitFileType = wrapper.cfbundle; includeInIndex = 0; path = HeadlinesTests.xctest; sourceTree = BUILT_PRODUCTS_DIR; };
		C2A8146A22C9967900A1296F /* HeadlinesTests.swift */ = {isa = PBXFileReference; lastKnownFileType = sourcecode.swift; path = HeadlinesTests.swift; sourceTree = "<group>"; };
		C2A8146C22C9967900A1296F /* Info.plist */ = {isa = PBXFileReference; lastKnownFileType = text.plist.xml; path = Info.plist; sourceTree = "<group>"; };
		C2A8147222C996B700A1296F /* ArticleListViewModelTests.swift */ = {isa = PBXFileReference; lastKnownFileType = sourcecode.swift; path = ArticleListViewModelTests.swift; sourceTree = "<group>"; };
		C2F5DD0722C895F2007EB7CC /* FavouriteListCoordinator.swift */ = {isa = PBXFileReference; lastKnownFileType = sourcecode.swift; path = FavouriteListCoordinator.swift; sourceTree = "<group>"; };
		C2F5DD0922C8AA85007EB7CC /* FavouriteArticleListViewModel.swift */ = {isa = PBXFileReference; lastKnownFileType = sourcecode.swift; path = FavouriteArticleListViewModel.swift; sourceTree = "<group>"; };
		C2F5DD0B22C8AF64007EB7CC /* FavouriteArticleViewModel.swift */ = {isa = PBXFileReference; lastKnownFileType = sourcecode.swift; path = FavouriteArticleViewModel.swift; sourceTree = "<group>"; };
		C2F5DD0E22C8B175007EB7CC /* FavouriteArticleListDataProvider.swift */ = {isa = PBXFileReference; lastKnownFileType = sourcecode.swift; path = FavouriteArticleListDataProvider.swift; sourceTree = "<group>"; };
		C2F5DD1122C8DA66007EB7CC /* Superclarendon-Regular.ttf */ = {isa = PBXFileReference; lastKnownFileType = file; path = "Superclarendon-Regular.ttf"; sourceTree = "<group>"; };
		C2F5DD1222C9013F007EB7CC /* FavouriteArticleTableViewCell.swift */ = {isa = PBXFileReference; lastKnownFileType = sourcecode.swift; path = FavouriteArticleTableViewCell.swift; sourceTree = "<group>"; };
		C2F5DD1322C9013F007EB7CC /* FavouriteArticleTableViewCell.xib */ = {isa = PBXFileReference; lastKnownFileType = file.xib; path = FavouriteArticleTableViewCell.xib; sourceTree = "<group>"; };
/* End PBXFileReference section */

/* Begin PBXFrameworksBuildPhase section */
		AFC3127A1EC1E45A00105E93 /* Frameworks */ = {
			isa = PBXFrameworksBuildPhase;
			buildActionMask = 2147483647;
			files = (
				5ED58CC4B5BBB8E17F844188 /* Pods_Headlines.framework in Frameworks */,
			);
			runOnlyForDeploymentPostprocessing = 0;
		};
		C2A8146522C9967900A1296F /* Frameworks */ = {
			isa = PBXFrameworksBuildPhase;
			buildActionMask = 2147483647;
			files = (
			);
			runOnlyForDeploymentPostprocessing = 0;
		};
/* End PBXFrameworksBuildPhase section */

/* Begin PBXGroup section */
		217BEF5A071C94BF9CE576F1 /* Pods */ = {
			isa = PBXGroup;
			children = (
				2FB6886169B3B43868C27878 /* Pods-Headlines.debug.xcconfig */,
				8303E77AE42BFCDD9874989D /* Pods-Headlines.release.xcconfig */,
			);
			name = Pods;
			sourceTree = "<group>";
		};
		A5F8C61D700EEB3C5E082BE3 /* Frameworks */ = {
			isa = PBXGroup;
			children = (
				39306B169848B442FA46BDCC /* Pods_Headlines.framework */,
			);
			name = Frameworks;
			sourceTree = "<group>";
		};
		AFC312741EC1E45A00105E93 = {
			isa = PBXGroup;
			children = (
				AFC3127F1EC1E45A00105E93 /* Headlines */,
				C2A8146922C9967900A1296F /* HeadlinesTests */,
				AFC3127E1EC1E45A00105E93 /* Products */,
				217BEF5A071C94BF9CE576F1 /* Pods */,
				A5F8C61D700EEB3C5E082BE3 /* Frameworks */,
			);
			sourceTree = "<group>";
		};
		AFC3127E1EC1E45A00105E93 /* Products */ = {
			isa = PBXGroup;
			children = (
				AFC3127D1EC1E45A00105E93 /* Headlines.app */,
				C2A8146822C9967900A1296F /* HeadlinesTests.xctest */,
			);
			name = Products;
			sourceTree = "<group>";
		};
		AFC3127F1EC1E45A00105E93 /* Headlines */ = {
			isa = PBXGroup;
			children = (
				C2F5DD1022C8DA55007EB7CC /* Assets */,
				AFC312801EC1E45A00105E93 /* AppDelegate.swift */,
				C2F5DD0D22C8B0A0007EB7CC /* View Controllers */,
				AFC312871EC1E45A00105E93 /* Assets.xcassets */,
				C26BE76022C762F1005FD893 /* Protocols */,
				C26778BF22C25E8A00DD7707 /* Coordinators */,
				C26778C722C2B26200DD7707 /* Data Managers */,
				C26778C622C2B07B00DD7707 /* Data Providers */,
				C26BE73822C55C1D005FD893 /* Extensions */,
				C26BE74022C72219005FD893 /* Cells */,
				C26E492322C7CF2000597048 /* View */,
				AFC3128C1EC1E45A00105E93 /* Info.plist */,
				AFC312891EC1E45A00105E93 /* LaunchScreen.storyboard */,
				C26BE73D22C71043005FD893 /* Models */,
				C26778D022C3D41700DD7707 /* ViewModels */,
			);
			path = Headlines;
			sourceTree = "<group>";
		};
		C26778BF22C25E8A00DD7707 /* Coordinators */ = {
			isa = PBXGroup;
			children = (
				C26778C022C25F0D00DD7707 /* Coordinator.swift */,
				C26778C222C2706800DD7707 /* AppCoordinator.swift */,
				C26778C422C2960800DD7707 /* ArticleListCoordinator.swift */,
				C2F5DD0722C895F2007EB7CC /* FavouriteListCoordinator.swift */,
			);
			path = Coordinators;
			sourceTree = "<group>";
		};
		C26778C622C2B07B00DD7707 /* Data Providers */ = {
			isa = PBXGroup;
			children = (
				C26778CC22C3AAA100DD7707 /* ArticleListDataProvider.swift */,
				C26BE75E22C76169005FD893 /* ArticleElementsDataSource.swift */,
				C2F5DD0E22C8B175007EB7CC /* FavouriteArticleListDataProvider.swift */,
			);
			path = "Data Providers";
			sourceTree = "<group>";
		};
		C26778C722C2B26200DD7707 /* Data Managers */ = {
			isa = PBXGroup;
			children = (
				C26778C822C2B29B00DD7707 /* RemoteDataManager.swift */,
				C26778CE22C3AE1100DD7707 /* ArticleListService.swift */,
				C26778CA22C3A40100DD7707 /* LocalDataManager.swift */,
			);
			path = "Data Managers";
			sourceTree = "<group>";
		};
		C26778D022C3D41700DD7707 /* ViewModels */ = {
			isa = PBXGroup;
			children = (
				C26778D122C3D68400DD7707 /* ArticleListViewModel.swift */,
				C26778D322C3DFCD00DD7707 /* ArticleViewModel.swift */,
				C26BE75A22C7490D005FD893 /* ArticleElementViewModels.swift */,
				C2F5DD0922C8AA85007EB7CC /* FavouriteArticleListViewModel.swift */,
				C2F5DD0B22C8AF64007EB7CC /* FavouriteArticleViewModel.swift */,
			);
			path = ViewModels;
			sourceTree = "<group>";
		};
		C26BE73822C55C1D005FD893 /* Extensions */ = {
			isa = PBXGroup;
			children = (
				C26BE73922C55C90005FD893 /* String+SanitizeHTML.swift */,
			);
			path = Extensions;
			sourceTree = "<group>";
		};
		C26BE73D22C71043005FD893 /* Models */ = {
			isa = PBXGroup;
			children = (
				AFC312961EC1E80800105E93 /* Article.swift */,
				C26BE73B22C5D851005FD893 /* ArticleListResponse.swift */,
			);
			path = Models;
			sourceTree = "<group>";
		};
		C26BE74022C72219005FD893 /* Cells */ = {
			isa = PBXGroup;
			children = (
				C26BE74822C7236E005FD893 /* ArticleCollectionViewCell.swift */,
				C26BE74922C7236E005FD893 /* ArticleCollectionViewCell.xib */,
				C26BE75022C73ABC005FD893 /* ArticleElementHeadlineImageCell.swift */,
				C26BE75122C73ABC005FD893 /* ArticleElementHeadlineImageCell.xib */,
				C26BE75622C73B07005FD893 /* ArticleElementTextCell.swift */,
				C26BE75722C73B07005FD893 /* ArticleElementTextCell.xib */,
				C26BE76722C793C9005FD893 /* AutoHeightTableView.swift */,
				C2F5DD1222C9013F007EB7CC /* FavouriteArticleTableViewCell.swift */,
				C2F5DD1322C9013F007EB7CC /* FavouriteArticleTableViewCell.xib */,
			);
			path = Cells;
			sourceTree = "<group>";
		};
		C26BE76022C762F1005FD893 /* Protocols */ = {
			isa = PBXGroup;
			children = (
				C26BE75C22C75A7E005FD893 /* NibLoadable.swift */,
				C26BE76322C77541005FD893 /* TableViewConfigurable.swift */,
				C26BE76522C7809C005FD893 /* TableViewHeightConfigurable.swift */,
			);
			path = Protocols;
			sourceTree = "<group>";
		};
		C26E492322C7CF2000597048 /* View */ = {
			isa = PBXGroup;
			children = (
				C26E491F22C7CF0700597048 /* ArticleFooterView.swift */,
				C26E492122C7CF1100597048 /* ArticleFooterView.xib */,
			);
			path = View;
			sourceTree = "<group>";
		};
		C2A8146922C9967900A1296F /* HeadlinesTests */ = {
			isa = PBXGroup;
			children = (
				C2A8146A22C9967900A1296F /* HeadlinesTests.swift */,
				C2A8146C22C9967900A1296F /* Info.plist */,
				C2A8147222C996B700A1296F /* ArticleListViewModelTests.swift */,
			);
			path = HeadlinesTests;
			sourceTree = "<group>";
		};
		C2F5DD0D22C8B0A0007EB7CC /* View Controllers */ = {
			isa = PBXGroup;
			children = (
				AFC312821EC1E45A00105E93 /* ArticleViewController.swift */,
				C26BE73E22C71662005FD893 /* ArticleViewController.xib */,
				AFC312981EC1FE4A00105E93 /* FavouritesViewController.swift */,
				AFC312941EC1E4B300105E93 /* FavouritesViewController.xib */,
			);
			path = "View Controllers";
			sourceTree = "<group>";
		};
		C2F5DD1022C8DA55007EB7CC /* Assets */ = {
			isa = PBXGroup;
			children = (
				C2F5DD1122C8DA66007EB7CC /* Superclarendon-Regular.ttf */,
			);
			path = Assets;
			sourceTree = "<group>";
		};
/* End PBXGroup section */

/* Begin PBXNativeTarget section */
		AFC3127C1EC1E45A00105E93 /* Headlines */ = {
			isa = PBXNativeTarget;
			buildConfigurationList = AFC3128F1EC1E45A00105E93 /* Build configuration list for PBXNativeTarget "Headlines" */;
			buildPhases = (
				BFF50B119C5C4F48E09926F8 /* [CP] Check Pods Manifest.lock */,
				AFC312791EC1E45A00105E93 /* Sources */,
				AFC3127A1EC1E45A00105E93 /* Frameworks */,
				AFC3127B1EC1E45A00105E93 /* Resources */,
				9EB803638EB14F72A3E7B7B4 /* [CP] Embed Pods Frameworks */,
				B3D553E336CF5EE9C152F014 /* [CP] Copy Pods Resources */,
			);
			buildRules = (
			);
			dependencies = (
			);
			name = Headlines;
			productName = Headlines;
			productReference = AFC3127D1EC1E45A00105E93 /* Headlines.app */;
			productType = "com.apple.product-type.application";
		};
		C2A8146722C9967900A1296F /* HeadlinesTests */ = {
			isa = PBXNativeTarget;
			buildConfigurationList = C2A8147122C9967900A1296F /* Build configuration list for PBXNativeTarget "HeadlinesTests" */;
			buildPhases = (
				C2A8146422C9967900A1296F /* Sources */,
				C2A8146522C9967900A1296F /* Frameworks */,
				C2A8146622C9967900A1296F /* Resources */,
			);
			buildRules = (
			);
			dependencies = (
				C2A8146E22C9967900A1296F /* PBXTargetDependency */,
			);
			name = HeadlinesTests;
			productName = HeadlinesTests;
			productReference = C2A8146822C9967900A1296F /* HeadlinesTests.xctest */;
			productType = "com.apple.product-type.bundle.unit-test";
		};
/* End PBXNativeTarget section */

/* Begin PBXProject section */
		AFC312751EC1E45A00105E93 /* Project object */ = {
			isa = PBXProject;
			attributes = {
				LastSwiftUpdateCheck = 1020;
				LastUpgradeCheck = 0920;
				ORGANIZATIONNAME = Example;
				TargetAttributes = {
					AFC3127C1EC1E45A00105E93 = {
						CreatedOnToolsVersion = 8.2.1;
						LastSwiftMigration = 1020;
						ProvisioningStyle = Automatic;
					};
					C2A8146722C9967900A1296F = {
						CreatedOnToolsVersion = 10.2;
						ProvisioningStyle = Automatic;
						TestTargetID = AFC3127C1EC1E45A00105E93;
					};
				};
			};
			buildConfigurationList = AFC312781EC1E45A00105E93 /* Build configuration list for PBXProject "Headlines" */;
			compatibilityVersion = "Xcode 3.2";
			developmentRegion = English;
			hasScannedForEncodings = 0;
			knownRegions = (
				English,
				en,
				Base,
			);
			mainGroup = AFC312741EC1E45A00105E93;
			productRefGroup = AFC3127E1EC1E45A00105E93 /* Products */;
			projectDirPath = "";
			projectRoot = "";
			targets = (
				AFC3127C1EC1E45A00105E93 /* Headlines */,
				C2A8146722C9967900A1296F /* HeadlinesTests */,
			);
		};
/* End PBXProject section */

/* Begin PBXResourcesBuildPhase section */
		AFC3127B1EC1E45A00105E93 /* Resources */ = {
			isa = PBXResourcesBuildPhase;
			buildActionMask = 2147483647;
			files = (
				C2F5DD1722C904BB007EB7CC /* Superclarendon-Regular.ttf in Resources */,
				AFC312951EC1E4B300105E93 /* FavouritesViewController.xib in Resources */,
				C26BE74B22C7236E005FD893 /* ArticleCollectionViewCell.xib in Resources */,
				C2F5DD1522C9013F007EB7CC /* FavouriteArticleTableViewCell.xib in Resources */,
				C26BE75322C73ABC005FD893 /* ArticleElementHeadlineImageCell.xib in Resources */,
				AFC3128B1EC1E45A00105E93 /* LaunchScreen.storyboard in Resources */,
				C26E492222C7CF1100597048 /* ArticleFooterView.xib in Resources */,
				C26BE73F22C71662005FD893 /* ArticleViewController.xib in Resources */,
				C26BE75922C73B07005FD893 /* ArticleElementTextCell.xib in Resources */,
				AFC312881EC1E45A00105E93 /* Assets.xcassets in Resources */,
			);
			runOnlyForDeploymentPostprocessing = 0;
		};
		C2A8146622C9967900A1296F /* Resources */ = {
			isa = PBXResourcesBuildPhase;
			buildActionMask = 2147483647;
			files = (
			);
			runOnlyForDeploymentPostprocessing = 0;
		};
/* End PBXResourcesBuildPhase section */

/* Begin PBXShellScriptBuildPhase section */
		9EB803638EB14F72A3E7B7B4 /* [CP] Embed Pods Frameworks */ = {
			isa = PBXShellScriptBuildPhase;
			buildActionMask = 2147483647;
			files = (
			);
			inputPaths = (
				"${SRCROOT}/Pods/Target Support Files/Pods-Headlines/Pods-Headlines-frameworks.sh",
				"${BUILT_PRODUCTS_DIR}/Alamofire/Alamofire.framework",
				"${BUILT_PRODUCTS_DIR}/ISO8601/ISO8601.framework",
				"${BUILT_PRODUCTS_DIR}/Realm/Realm.framework",
				"${BUILT_PRODUCTS_DIR}/RealmSwift/RealmSwift.framework",
				"${BUILT_PRODUCTS_DIR}/SDWebImage/SDWebImage.framework",
			);
			name = "[CP] Embed Pods Frameworks";
			outputPaths = (
				"${TARGET_BUILD_DIR}/${FRAMEWORKS_FOLDER_PATH}/Alamofire.framework",
				"${TARGET_BUILD_DIR}/${FRAMEWORKS_FOLDER_PATH}/ISO8601.framework",
				"${TARGET_BUILD_DIR}/${FRAMEWORKS_FOLDER_PATH}/Realm.framework",
				"${TARGET_BUILD_DIR}/${FRAMEWORKS_FOLDER_PATH}/RealmSwift.framework",
				"${TARGET_BUILD_DIR}/${FRAMEWORKS_FOLDER_PATH}/SDWebImage.framework",
			);
			runOnlyForDeploymentPostprocessing = 0;
			shellPath = /bin/sh;
			shellScript = "\"${SRCROOT}/Pods/Target Support Files/Pods-Headlines/Pods-Headlines-frameworks.sh\"\n";
			showEnvVarsInLog = 0;
		};
		B3D553E336CF5EE9C152F014 /* [CP] Copy Pods Resources */ = {
			isa = PBXShellScriptBuildPhase;
			buildActionMask = 2147483647;
			files = (
			);
			inputPaths = (
			);
			name = "[CP] Copy Pods Resources";
			outputPaths = (
			);
			runOnlyForDeploymentPostprocessing = 0;
			shellPath = /bin/sh;
			shellScript = "\"${SRCROOT}/Pods/Target Support Files/Pods-Headlines/Pods-Headlines-resources.sh\"\n";
			showEnvVarsInLog = 0;
		};
		BFF50B119C5C4F48E09926F8 /* [CP] Check Pods Manifest.lock */ = {
			isa = PBXShellScriptBuildPhase;
			buildActionMask = 2147483647;
			files = (
			);
			inputPaths = (
				"${PODS_PODFILE_DIR_PATH}/Podfile.lock",
				"${PODS_ROOT}/Manifest.lock",
			);
			name = "[CP] Check Pods Manifest.lock";
			outputPaths = (
				"$(DERIVED_FILE_DIR)/Pods-Headlines-checkManifestLockResult.txt",
			);
			runOnlyForDeploymentPostprocessing = 0;
			shellPath = /bin/sh;
			shellScript = "diff \"${PODS_PODFILE_DIR_PATH}/Podfile.lock\" \"${PODS_ROOT}/Manifest.lock\" > /dev/null\nif [ $? != 0 ] ; then\n    # print error to STDERR\n    echo \"error: The sandbox is not in sync with the Podfile.lock. Run 'pod install' or update your CocoaPods installation.\" >&2\n    exit 1\nfi\n# This output is used by Xcode 'outputs' to avoid re-running this script phase.\necho \"SUCCESS\" > \"${SCRIPT_OUTPUT_FILE_0}\"\n";
			showEnvVarsInLog = 0;
		};
/* End PBXShellScriptBuildPhase section */

/* Begin PBXSourcesBuildPhase section */
		AFC312791EC1E45A00105E93 /* Sources */ = {
			isa = PBXSourcesBuildPhase;
			buildActionMask = 2147483647;
			files = (
				C26778C522C2960800DD7707 /* ArticleListCoordinator.swift in Sources */,
				C26778C322C2706800DD7707 /* AppCoordinator.swift in Sources */,
				C26778D422C3DFCD00DD7707 /* ArticleViewModel.swift in Sources */,
				C2F5DD0C22C8AF64007EB7CC /* FavouriteArticleViewModel.swift in Sources */,
				C26778CB22C3A40100DD7707 /* LocalDataManager.swift in Sources */,
				C26BE76422C77542005FD893 /* TableViewConfigurable.swift in Sources */,
				AFC312991EC1FE4A00105E93 /* FavouritesViewController.swift in Sources */,
				C26BE74A22C7236E005FD893 /* ArticleCollectionViewCell.swift in Sources */,
				C26BE75222C73ABC005FD893 /* ArticleElementHeadlineImageCell.swift in Sources */,
				C26778C922C2B29B00DD7707 /* RemoteDataManager.swift in Sources */,
				AFC312831EC1E45A00105E93 /* ArticleViewController.swift in Sources */,
				C26BE75F22C76169005FD893 /* ArticleElementsDataSource.swift in Sources */,
				C26778C122C25F0D00DD7707 /* Coordinator.swift in Sources */,
				C2F5DD0822C895F2007EB7CC /* FavouriteListCoordinator.swift in Sources */,
				AFC312811EC1E45A00105E93 /* AppDelegate.swift in Sources */,
				C26778CD22C3AAA100DD7707 /* ArticleListDataProvider.swift in Sources */,
				C26BE73C22C5D851005FD893 /* ArticleListResponse.swift in Sources */,
				C2F5DD0A22C8AA85007EB7CC /* FavouriteArticleListViewModel.swift in Sources */,
				C26E492022C7CF0700597048 /* ArticleFooterView.swift in Sources */,
				C26BE76622C7809C005FD893 /* TableViewHeightConfigurable.swift in Sources */,
				C2F5DD0F22C8B175007EB7CC /* FavouriteArticleListDataProvider.swift in Sources */,
				C26BE75D22C75A7E005FD893 /* NibLoadable.swift in Sources */,
				C26BE76822C793C9005FD893 /* AutoHeightTableView.swift in Sources */,
				C26778D222C3D68400DD7707 /* ArticleListViewModel.swift in Sources */,
				C26BE75822C73B07005FD893 /* ArticleElementTextCell.swift in Sources */,
				C26BE75B22C7490D005FD893 /* ArticleElementViewModels.swift in Sources */,
				C26778CF22C3AE1100DD7707 /* ArticleListService.swift in Sources */,
				C26BE73A22C55C90005FD893 /* String+SanitizeHTML.swift in Sources */,
				C2F5DD1422C9013F007EB7CC /* FavouriteArticleTableViewCell.swift in Sources */,
				AFC312971EC1E80800105E93 /* Article.swift in Sources */,
			);
			runOnlyForDeploymentPostprocessing = 0;
		};
		C2A8146422C9967900A1296F /* Sources */ = {
			isa = PBXSourcesBuildPhase;
			buildActionMask = 2147483647;
			files = (
				C2A8146B22C9967900A1296F /* HeadlinesTests.swift in Sources */,
				C2A8147322C996B700A1296F /* ArticleListViewModelTests.swift in Sources */,
			);
			runOnlyForDeploymentPostprocessing = 0;
		};
/* End PBXSourcesBuildPhase section */

/* Begin PBXTargetDependency section */
		C2A8146E22C9967900A1296F /* PBXTargetDependency */ = {
			isa = PBXTargetDependency;
			target = AFC3127C1EC1E45A00105E93 /* Headlines */;
			targetProxy = C2A8146D22C9967900A1296F /* PBXContainerItemProxy */;
		};
/* End PBXTargetDependency section */

/* Begin PBXVariantGroup section */
		AFC312891EC1E45A00105E93 /* LaunchScreen.storyboard */ = {
			isa = PBXVariantGroup;
			children = (
				AFC3128A1EC1E45A00105E93 /* Base */,
			);
			name = LaunchScreen.storyboard;
			sourceTree = "<group>";
		};
/* End PBXVariantGroup section */

/* Begin XCBuildConfiguration section */
		AFC3128D1EC1E45A00105E93 /* Debug */ = {
			isa = XCBuildConfiguration;
			buildSettings = {
				ALWAYS_SEARCH_USER_PATHS = NO;
				CLANG_ANALYZER_NONNULL = YES;
				CLANG_CXX_LANGUAGE_STANDARD = "gnu++0x";
				CLANG_CXX_LIBRARY = "libc++";
				CLANG_ENABLE_MODULES = YES;
				CLANG_ENABLE_OBJC_ARC = YES;
				CLANG_WARN_BLOCK_CAPTURE_AUTORELEASING = YES;
				CLANG_WARN_BOOL_CONVERSION = YES;
				CLANG_WARN_COMMA = YES;
				CLANG_WARN_CONSTANT_CONVERSION = YES;
				CLANG_WARN_DIRECT_OBJC_ISA_USAGE = YES_ERROR;
				CLANG_WARN_DOCUMENTATION_COMMENTS = YES;
				CLANG_WARN_EMPTY_BODY = YES;
				CLANG_WARN_ENUM_CONVERSION = YES;
				CLANG_WARN_INFINITE_RECURSION = YES;
				CLANG_WARN_INT_CONVERSION = YES;
				CLANG_WARN_NON_LITERAL_NULL_CONVERSION = YES;
				CLANG_WARN_OBJC_LITERAL_CONVERSION = YES;
				CLANG_WARN_OBJC_ROOT_CLASS = YES_ERROR;
				CLANG_WARN_RANGE_LOOP_ANALYSIS = YES;
				CLANG_WARN_STRICT_PROTOTYPES = YES;
				CLANG_WARN_SUSPICIOUS_MOVE = YES;
				CLANG_WARN_UNREACHABLE_CODE = YES;
				CLANG_WARN__DUPLICATE_METHOD_MATCH = YES;
				"CODE_SIGN_IDENTITY[sdk=iphoneos*]" = "iPhone Developer";
				COPY_PHASE_STRIP = NO;
				DEBUG_INFORMATION_FORMAT = dwarf;
				ENABLE_STRICT_OBJC_MSGSEND = YES;
				ENABLE_TESTABILITY = YES;
				GCC_C_LANGUAGE_STANDARD = gnu99;
				GCC_DYNAMIC_NO_PIC = NO;
				GCC_NO_COMMON_BLOCKS = YES;
				GCC_OPTIMIZATION_LEVEL = 0;
				GCC_PREPROCESSOR_DEFINITIONS = (
					"DEBUG=1",
					"$(inherited)",
				);
				GCC_WARN_64_TO_32_BIT_CONVERSION = YES;
				GCC_WARN_ABOUT_RETURN_TYPE = YES_ERROR;
				GCC_WARN_UNDECLARED_SELECTOR = YES;
				GCC_WARN_UNINITIALIZED_AUTOS = YES_AGGRESSIVE;
				GCC_WARN_UNUSED_FUNCTION = YES;
				GCC_WARN_UNUSED_VARIABLE = YES;
				IPHONEOS_DEPLOYMENT_TARGET = 10.2;
				MTL_ENABLE_DEBUG_INFO = YES;
				ONLY_ACTIVE_ARCH = YES;
				SDKROOT = iphoneos;
				SWIFT_ACTIVE_COMPILATION_CONDITIONS = DEBUG;
				SWIFT_OPTIMIZATION_LEVEL = "-Onone";
			};
			name = Debug;
		};
		AFC3128E1EC1E45A00105E93 /* Release */ = {
			isa = XCBuildConfiguration;
			buildSettings = {
				ALWAYS_SEARCH_USER_PATHS = NO;
				CLANG_ANALYZER_NONNULL = YES;
				CLANG_CXX_LANGUAGE_STANDARD = "gnu++0x";
				CLANG_CXX_LIBRARY = "libc++";
				CLANG_ENABLE_MODULES = YES;
				CLANG_ENABLE_OBJC_ARC = YES;
				CLANG_WARN_BLOCK_CAPTURE_AUTORELEASING = YES;
				CLANG_WARN_BOOL_CONVERSION = YES;
				CLANG_WARN_COMMA = YES;
				CLANG_WARN_CONSTANT_CONVERSION = YES;
				CLANG_WARN_DIRECT_OBJC_ISA_USAGE = YES_ERROR;
				CLANG_WARN_DOCUMENTATION_COMMENTS = YES;
				CLANG_WARN_EMPTY_BODY = YES;
				CLANG_WARN_ENUM_CONVERSION = YES;
				CLANG_WARN_INFINITE_RECURSION = YES;
				CLANG_WARN_INT_CONVERSION = YES;
				CLANG_WARN_NON_LITERAL_NULL_CONVERSION = YES;
				CLANG_WARN_OBJC_LITERAL_CONVERSION = YES;
				CLANG_WARN_OBJC_ROOT_CLASS = YES_ERROR;
				CLANG_WARN_RANGE_LOOP_ANALYSIS = YES;
				CLANG_WARN_STRICT_PROTOTYPES = YES;
				CLANG_WARN_SUSPICIOUS_MOVE = YES;
				CLANG_WARN_UNREACHABLE_CODE = YES;
				CLANG_WARN__DUPLICATE_METHOD_MATCH = YES;
				"CODE_SIGN_IDENTITY[sdk=iphoneos*]" = "iPhone Developer";
				COPY_PHASE_STRIP = NO;
				DEBUG_INFORMATION_FORMAT = "dwarf-with-dsym";
				ENABLE_NS_ASSERTIONS = NO;
				ENABLE_STRICT_OBJC_MSGSEND = YES;
				GCC_C_LANGUAGE_STANDARD = gnu99;
				GCC_NO_COMMON_BLOCKS = YES;
				GCC_WARN_64_TO_32_BIT_CONVERSION = YES;
				GCC_WARN_ABOUT_RETURN_TYPE = YES_ERROR;
				GCC_WARN_UNDECLARED_SELECTOR = YES;
				GCC_WARN_UNINITIALIZED_AUTOS = YES_AGGRESSIVE;
				GCC_WARN_UNUSED_FUNCTION = YES;
				GCC_WARN_UNUSED_VARIABLE = YES;
				IPHONEOS_DEPLOYMENT_TARGET = 10.2;
				MTL_ENABLE_DEBUG_INFO = NO;
				SDKROOT = iphoneos;
				SWIFT_OPTIMIZATION_LEVEL = "-Owholemodule";
				VALIDATE_PRODUCT = YES;
			};
			name = Release;
		};
		AFC312901EC1E45A00105E93 /* Debug */ = {
			isa = XCBuildConfiguration;
			baseConfigurationReference = 2FB6886169B3B43868C27878 /* Pods-Headlines.debug.xcconfig */;
			buildSettings = {
				ASSETCATALOG_COMPILER_APPICON_NAME = AppIcon;
				CLANG_ENABLE_MODULES = YES;
				INFOPLIST_FILE = Headlines/Info.plist;
				LD_RUNPATH_SEARCH_PATHS = "$(inherited) @executable_path/Frameworks";
				PRODUCT_BUNDLE_IDENTIFIER = com.example.Headlines;
				PRODUCT_NAME = "$(TARGET_NAME)";
				SWIFT_OPTIMIZATION_LEVEL = "-Onone";
				SWIFT_SWIFT3_OBJC_INFERENCE = Off;
				SWIFT_VERSION = 4.2;
			};
			name = Debug;
		};
		AFC312911EC1E45A00105E93 /* Release */ = {
			isa = XCBuildConfiguration;
			baseConfigurationReference = 8303E77AE42BFCDD9874989D /* Pods-Headlines.release.xcconfig */;
			buildSettings = {
				ASSETCATALOG_COMPILER_APPICON_NAME = AppIcon;
				CLANG_ENABLE_MODULES = YES;
				INFOPLIST_FILE = Headlines/Info.plist;
				LD_RUNPATH_SEARCH_PATHS = "$(inherited) @executable_path/Frameworks";
				PRODUCT_BUNDLE_IDENTIFIER = com.example.Headlines;
				PRODUCT_NAME = "$(TARGET_NAME)";
				SWIFT_SWIFT3_OBJC_INFERENCE = Off;
				SWIFT_VERSION = 4.2;
			};
			name = Release;
		};
		C2A8146F22C9967900A1296F /* Debug */ = {
			isa = XCBuildConfiguration;
			buildSettings = {
				BUNDLE_LOADER = "$(TEST_HOST)";
				CLANG_ANALYZER_NUMBER_OBJECT_CONVERSION = YES_AGGRESSIVE;
				CLANG_CXX_LANGUAGE_STANDARD = "gnu++14";
				CLANG_ENABLE_OBJC_WEAK = YES;
				CLANG_WARN_DEPRECATED_OBJC_IMPLEMENTATIONS = YES;
				CLANG_WARN_OBJC_IMPLICIT_RETAIN_SELF = YES;
				CLANG_WARN_UNGUARDED_AVAILABILITY = YES_AGGRESSIVE;
				CODE_SIGN_IDENTITY = "iPhone Developer";
				CODE_SIGN_STYLE = Automatic;
				GCC_C_LANGUAGE_STANDARD = gnu11;
				INFOPLIST_FILE = HeadlinesTests/Info.plist;
				IPHONEOS_DEPLOYMENT_TARGET = 12.2;
				LD_RUNPATH_SEARCH_PATHS = "$(inherited) @executable_path/Frameworks @loader_path/Frameworks";
				MTL_ENABLE_DEBUG_INFO = INCLUDE_SOURCE;
				MTL_FAST_MATH = YES;
				PRODUCT_BUNDLE_IDENTIFIER = com.see5ive.HeadlinesTests;
				PRODUCT_NAME = "$(TARGET_NAME)";
				SWIFT_VERSION = 5.0;
				TARGETED_DEVICE_FAMILY = "1,2";
				TEST_HOST = "$(BUILT_PRODUCTS_DIR)/Headlines.app/Headlines";
			};
			name = Debug;
		};
		C2A8147022C9967900A1296F /* Release */ = {
			isa = XCBuildConfiguration;
			buildSettings = {
				BUNDLE_LOADER = "$(TEST_HOST)";
				CLANG_ANALYZER_NUMBER_OBJECT_CONVERSION = YES_AGGRESSIVE;
				CLANG_CXX_LANGUAGE_STANDARD = "gnu++14";
				CLANG_ENABLE_OBJC_WEAK = YES;
				CLANG_WARN_DEPRECATED_OBJC_IMPLEMENTATIONS = YES;
				CLANG_WARN_OBJC_IMPLICIT_RETAIN_SELF = YES;
				CLANG_WARN_UNGUARDED_AVAILABILITY = YES_AGGRESSIVE;
				CODE_SIGN_IDENTITY = "iPhone Developer";
				CODE_SIGN_STYLE = Automatic;
				GCC_C_LANGUAGE_STANDARD = gnu11;
				INFOPLIST_FILE = HeadlinesTests/Info.plist;
				IPHONEOS_DEPLOYMENT_TARGET = 12.2;
				LD_RUNPATH_SEARCH_PATHS = "$(inherited) @executable_path/Frameworks @loader_path/Frameworks";
				MTL_FAST_MATH = YES;
				PRODUCT_BUNDLE_IDENTIFIER = com.see5ive.HeadlinesTests;
				PRODUCT_NAME = "$(TARGET_NAME)";
				SWIFT_VERSION = 5.0;
				TARGETED_DEVICE_FAMILY = "1,2";
				TEST_HOST = "$(BUILT_PRODUCTS_DIR)/Headlines.app/Headlines";
			};
			name = Release;
		};
/* End XCBuildConfiguration section */

/* Begin XCConfigurationList section */
		AFC312781EC1E45A00105E93 /* Build configuration list for PBXProject "Headlines" */ = {
			isa = XCConfigurationList;
			buildConfigurations = (
				AFC3128D1EC1E45A00105E93 /* Debug */,
				AFC3128E1EC1E45A00105E93 /* Release */,
			);
			defaultConfigurationIsVisible = 0;
			defaultConfigurationName = Release;
		};
		AFC3128F1EC1E45A00105E93 /* Build configuration list for PBXNativeTarget "Headlines" */ = {
			isa = XCConfigurationList;
			buildConfigurations = (
				AFC312901EC1E45A00105E93 /* Debug */,
				AFC312911EC1E45A00105E93 /* Release */,
			);
			defaultConfigurationIsVisible = 0;
			defaultConfigurationName = Release;
		};
		C2A8147122C9967900A1296F /* Build configuration list for PBXNativeTarget "HeadlinesTests" */ = {
			isa = XCConfigurationList;
			buildConfigurations = (
				C2A8146F22C9967900A1296F /* Debug */,
				C2A8147022C9967900A1296F /* Release */,
			);
			defaultConfigurationIsVisible = 0;
			defaultConfigurationName = Release;
		};
/* End XCConfigurationList section */
	};
	rootObject = AFC312751EC1E45A00105E93 /* Project object */;
}
